// !$*UTF8*$!
{
	archiveVersion = 1;
	classes = {
	};
	objectVersion = 46;
	objects = {

/* Begin PBXBuildFile section */
		056DBED52068E82A00213377 /* Modele.m in Sources */ = {isa = PBXBuildFile; fileRef = 056DBED42068E82A00213377 /* Modele.m */; };
		F250EB2F20526E0F00DC26B1 /* main.m in Sources */ = {isa = PBXBuildFile; fileRef = F250EB2E20526E0F00DC26B1 /* main.m */; };
		F250EB3220526E0F00DC26B1 /* AppDelegate.m in Sources */ = {isa = PBXBuildFile; fileRef = F250EB3120526E0F00DC26B1 /* AppDelegate.m */; };
		F250EB3520526E0F00DC26B1 /* ViewController.m in Sources */ = {isa = PBXBuildFile; fileRef = F250EB3420526E0F00DC26B1 /* ViewController.m */; };
		F250EB3820526E0F00DC26B1 /* Main.storyboard in Resources */ = {isa = PBXBuildFile; fileRef = F250EB3620526E0F00DC26B1 /* Main.storyboard */; };
		F250EB3A20526E0F00DC26B1 /* Assets.xcassets in Resources */ = {isa = PBXBuildFile; fileRef = F250EB3920526E0F00DC26B1 /* Assets.xcassets */; };
		F250EB3D20526E0F00DC26B1 /* LaunchScreen.storyboard in Resources */ = {isa = PBXBuildFile; fileRef = F250EB3B20526E0F00DC26B1 /* LaunchScreen.storyboard */; };
		F250EB4820526E0F00DC26B1 /* DroneMarinTests.m in Sources */ = {isa = PBXBuildFile; fileRef = F250EB4720526E0F00DC26B1 /* DroneMarinTests.m */; };
		F250EB5320526E0F00DC26B1 /* DroneMarinUITests.m in Sources */ = {isa = PBXBuildFile; fileRef = F250EB5220526E0F00DC26B1 /* DroneMarinUITests.m */; };
		F2630F9C2068DE2A0063DA99 /* Waypoints.m in Sources */ = {isa = PBXBuildFile; fileRef = F2630F9B2068DE2A0063DA99 /* Waypoints.m */; };
		F2630FA22068DE480063DA99 /* minmea.c in Sources */ = {isa = PBXBuildFile; fileRef = F2630F9E2068DE480063DA99 /* minmea.c */; };
		F2630FA32068DE480063DA99 /* parser.c in Sources */ = {isa = PBXBuildFile; fileRef = F2630FA02068DE480063DA99 /* parser.c */; };
/* End PBXBuildFile section */

/* Begin PBXContainerItemProxy section */
		F250EB4420526E0F00DC26B1 /* PBXContainerItemProxy */ = {
			isa = PBXContainerItemProxy;
			containerPortal = F250EB2220526E0F00DC26B1 /* Project object */;
			proxyType = 1;
			remoteGlobalIDString = F250EB2920526E0F00DC26B1;
			remoteInfo = DroneMarin;
		};
		F250EB4F20526E0F00DC26B1 /* PBXContainerItemProxy */ = {
			isa = PBXContainerItemProxy;
			containerPortal = F250EB2220526E0F00DC26B1 /* Project object */;
			proxyType = 1;
			remoteGlobalIDString = F250EB2920526E0F00DC26B1;
			remoteInfo = DroneMarin;
		};
/* End PBXContainerItemProxy section */

/* Begin PBXFileReference section */
		056DBED42068E82A00213377 /* Modele.m */ = {isa = PBXFileReference; fileEncoding = 4; lastKnownFileType = sourcecode.c.objc; path = Modele.m; sourceTree = "<group>"; };
		056DBED62068E83400213377 /* Modele.h */ = {isa = PBXFileReference; lastKnownFileType = sourcecode.c.h; path = Modele.h; sourceTree = "<group>"; };
		F250EB2A20526E0F00DC26B1 /* DroneMarin.app */ = {isa = PBXFileReference; explicitFileType = wrapper.application; includeInIndex = 0; path = DroneMarin.app; sourceTree = BUILT_PRODUCTS_DIR; };
		F250EB2E20526E0F00DC26B1 /* main.m */ = {isa = PBXFileReference; lastKnownFileType = sourcecode.c.objc; path = main.m; sourceTree = "<group>"; };
		F250EB3020526E0F00DC26B1 /* AppDelegate.h */ = {isa = PBXFileReference; lastKnownFileType = sourcecode.c.h; path = AppDelegate.h; sourceTree = "<group>"; };
		F250EB3120526E0F00DC26B1 /* AppDelegate.m */ = {isa = PBXFileReference; lastKnownFileType = sourcecode.c.objc; path = AppDelegate.m; sourceTree = "<group>"; };
		F250EB3320526E0F00DC26B1 /* ViewController.h */ = {isa = PBXFileReference; lastKnownFileType = sourcecode.c.h; path = ViewController.h; sourceTree = "<group>"; };
		F250EB3420526E0F00DC26B1 /* ViewController.m */ = {isa = PBXFileReference; lastKnownFileType = sourcecode.c.objc; path = ViewController.m; sourceTree = "<group>"; };
		F250EB3720526E0F00DC26B1 /* Base */ = {isa = PBXFileReference; lastKnownFileType = file.storyboard; name = Base; path = Base.lproj/Main.storyboard; sourceTree = "<group>"; };
		F250EB3920526E0F00DC26B1 /* Assets.xcassets */ = {isa = PBXFileReference; lastKnownFileType = folder.assetcatalog; path = Assets.xcassets; sourceTree = "<group>"; };
		F250EB3C20526E0F00DC26B1 /* Base */ = {isa = PBXFileReference; lastKnownFileType = file.storyboard; name = Base; path = Base.lproj/LaunchScreen.storyboard; sourceTree = "<group>"; };
		F250EB3E20526E0F00DC26B1 /* Info.plist */ = {isa = PBXFileReference; lastKnownFileType = text.plist.xml; path = Info.plist; sourceTree = "<group>"; };
		F250EB4320526E0F00DC26B1 /* DroneMarinTests.xctest */ = {isa = PBXFileReference; explicitFileType = wrapper.cfbundle; includeInIndex = 0; path = DroneMarinTests.xctest; sourceTree = BUILT_PRODUCTS_DIR; };
		F250EB4720526E0F00DC26B1 /* DroneMarinTests.m */ = {isa = PBXFileReference; lastKnownFileType = sourcecode.c.objc; path = DroneMarinTests.m; sourceTree = "<group>"; };
		F250EB4920526E0F00DC26B1 /* Info.plist */ = {isa = PBXFileReference; lastKnownFileType = text.plist.xml; path = Info.plist; sourceTree = "<group>"; };
		F250EB4E20526E0F00DC26B1 /* DroneMarinUITests.xctest */ = {isa = PBXFileReference; explicitFileType = wrapper.cfbundle; includeInIndex = 0; path = DroneMarinUITests.xctest; sourceTree = BUILT_PRODUCTS_DIR; };
		F250EB5220526E0F00DC26B1 /* DroneMarinUITests.m */ = {isa = PBXFileReference; lastKnownFileType = sourcecode.c.objc; path = DroneMarinUITests.m; sourceTree = "<group>"; };
		F250EB5420526E0F00DC26B1 /* Info.plist */ = {isa = PBXFileReference; lastKnownFileType = text.plist.xml; path = Info.plist; sourceTree = "<group>"; };
		F2630F9A2068DE2A0063DA99 /* Waypoints.h */ = {isa = PBXFileReference; fileEncoding = 4; lastKnownFileType = sourcecode.c.h; path = Waypoints.h; sourceTree = "<group>"; };
		F2630F9B2068DE2A0063DA99 /* Waypoints.m */ = {isa = PBXFileReference; fileEncoding = 4; lastKnownFileType = sourcecode.c.objc; path = Waypoints.m; sourceTree = "<group>"; };
		F2630F9E2068DE480063DA99 /* minmea.c */ = {isa = PBXFileReference; fileEncoding = 4; lastKnownFileType = sourcecode.c.c; name = minmea.c; path = NmeaParseLib/minmea.c; sourceTree = "<group>"; };
		F2630F9F2068DE480063DA99 /* minmea.h */ = {isa = PBXFileReference; fileEncoding = 4; lastKnownFileType = sourcecode.c.h; name = minmea.h; path = NmeaParseLib/minmea.h; sourceTree = "<group>"; };
		F2630FA02068DE480063DA99 /* parser.c */ = {isa = PBXFileReference; fileEncoding = 4; lastKnownFileType = sourcecode.c.c; name = parser.c; path = NmeaParseLib/parser.c; sourceTree = "<group>"; };
		F2630FA12068DE480063DA99 /* parser.h */ = {isa = PBXFileReference; fileEncoding = 4; lastKnownFileType = sourcecode.c.h; name = parser.h; path = NmeaParseLib/parser.h; sourceTree = "<group>"; };
/* End PBXFileReference section */

/* Begin PBXFrameworksBuildPhase section */
		F250EB2720526E0F00DC26B1 /* Frameworks */ = {
			isa = PBXFrameworksBuildPhase;
			buildActionMask = 2147483647;
			files = (
			);
			runOnlyForDeploymentPostprocessing = 0;
		};
		F250EB4020526E0F00DC26B1 /* Frameworks */ = {
			isa = PBXFrameworksBuildPhase;
			buildActionMask = 2147483647;
			files = (
			);
			runOnlyForDeploymentPostprocessing = 0;
		};
		F250EB4B20526E0F00DC26B1 /* Frameworks */ = {
			isa = PBXFrameworksBuildPhase;
			buildActionMask = 2147483647;
			files = (
			);
			runOnlyForDeploymentPostprocessing = 0;
		};
/* End PBXFrameworksBuildPhase section */

/* Begin PBXGroup section */
		F250EB2120526E0F00DC26B1 = {
			isa = PBXGroup;
			children = (
				F250EB2C20526E0F00DC26B1 /* DroneMarin */,
				F250EB4620526E0F00DC26B1 /* DroneMarinTests */,
				F250EB5120526E0F00DC26B1 /* DroneMarinUITests */,
				F250EB2B20526E0F00DC26B1 /* Products */,
			);
			sourceTree = "<group>";
		};
		F250EB2B20526E0F00DC26B1 /* Products */ = {
			isa = PBXGroup;
			children = (
				F250EB2A20526E0F00DC26B1 /* DroneMarin.app */,
				F250EB4320526E0F00DC26B1 /* DroneMarinTests.xctest */,
				F250EB4E20526E0F00DC26B1 /* DroneMarinUITests.xctest */,
			);
			name = Products;
			sourceTree = "<group>";
		};
		F250EB2C20526E0F00DC26B1 /* DroneMarin */ = {
			isa = PBXGroup;
			children = (
				F2630F9D2068DE340063DA99 /* NmeaParseLib */,
				F2630F9A2068DE2A0063DA99 /* Waypoints.h */,
				F2630F9B2068DE2A0063DA99 /* Waypoints.m */,
				F250EB3020526E0F00DC26B1 /* AppDelegate.h */,
				F250EB3120526E0F00DC26B1 /* AppDelegate.m */,
				F250EB3320526E0F00DC26B1 /* ViewController.h */,
				F250EB3420526E0F00DC26B1 /* ViewController.m */,
				F250EB3620526E0F00DC26B1 /* Main.storyboard */,
				F250EB3920526E0F00DC26B1 /* Assets.xcassets */,
				F250EB3B20526E0F00DC26B1 /* LaunchScreen.storyboard */,
				F250EB3E20526E0F00DC26B1 /* Info.plist */,
				F250EB2D20526E0F00DC26B1 /* Supporting Files */,
				056DBED42068E82A00213377 /* Modele.m */,
				056DBED62068E83400213377 /* Modele.h */,
			);
			path = DroneMarin;
			sourceTree = "<group>";
		};
		F250EB2D20526E0F00DC26B1 /* Supporting Files */ = {
			isa = PBXGroup;
			children = (
				F250EB2E20526E0F00DC26B1 /* main.m */,
			);
			name = "Supporting Files";
			sourceTree = "<group>";
		};
		F250EB4620526E0F00DC26B1 /* DroneMarinTests */ = {
			isa = PBXGroup;
			children = (
				F250EB4720526E0F00DC26B1 /* DroneMarinTests.m */,
				F250EB4920526E0F00DC26B1 /* Info.plist */,
			);
			path = DroneMarinTests;
			sourceTree = "<group>";
		};
		F250EB5120526E0F00DC26B1 /* DroneMarinUITests */ = {
			isa = PBXGroup;
			children = (
				F250EB5220526E0F00DC26B1 /* DroneMarinUITests.m */,
				F250EB5420526E0F00DC26B1 /* Info.plist */,
			);
			path = DroneMarinUITests;
			sourceTree = "<group>";
		};
		F2630F9D2068DE340063DA99 /* NmeaParseLib */ = {
			isa = PBXGroup;
			children = (
				F2630F9E2068DE480063DA99 /* minmea.c */,
				F2630F9F2068DE480063DA99 /* minmea.h */,
				F2630FA02068DE480063DA99 /* parser.c */,
				F2630FA12068DE480063DA99 /* parser.h */,
			);
			name = NmeaParseLib;
			sourceTree = "<group>";
		};
/* End PBXGroup section */

/* Begin PBXNativeTarget section */
		F250EB2920526E0F00DC26B1 /* DroneMarin */ = {
			isa = PBXNativeTarget;
			buildConfigurationList = F250EB5720526E0F00DC26B1 /* Build configuration list for PBXNativeTarget "DroneMarin" */;
			buildPhases = (
				F250EB2620526E0F00DC26B1 /* Sources */,
				F250EB2720526E0F00DC26B1 /* Frameworks */,
				F250EB2820526E0F00DC26B1 /* Resources */,
			);
			buildRules = (
			);
			dependencies = (
			);
			name = DroneMarin;
			productName = DroneMarin;
			productReference = F250EB2A20526E0F00DC26B1 /* DroneMarin.app */;
			productType = "com.apple.product-type.application";
		};
		F250EB4220526E0F00DC26B1 /* DroneMarinTests */ = {
			isa = PBXNativeTarget;
			buildConfigurationList = F250EB5A20526E0F00DC26B1 /* Build configuration list for PBXNativeTarget "DroneMarinTests" */;
			buildPhases = (
				F250EB3F20526E0F00DC26B1 /* Sources */,
				F250EB4020526E0F00DC26B1 /* Frameworks */,
				F250EB4120526E0F00DC26B1 /* Resources */,
			);
			buildRules = (
			);
			dependencies = (
				F250EB4520526E0F00DC26B1 /* PBXTargetDependency */,
			);
			name = DroneMarinTests;
			productName = DroneMarinTests;
			productReference = F250EB4320526E0F00DC26B1 /* DroneMarinTests.xctest */;
			productType = "com.apple.product-type.bundle.unit-test";
		};
		F250EB4D20526E0F00DC26B1 /* DroneMarinUITests */ = {
			isa = PBXNativeTarget;
			buildConfigurationList = F250EB5D20526E0F00DC26B1 /* Build configuration list for PBXNativeTarget "DroneMarinUITests" */;
			buildPhases = (
				F250EB4A20526E0F00DC26B1 /* Sources */,
				F250EB4B20526E0F00DC26B1 /* Frameworks */,
				F250EB4C20526E0F00DC26B1 /* Resources */,
			);
			buildRules = (
			);
			dependencies = (
				F250EB5020526E0F00DC26B1 /* PBXTargetDependency */,
			);
			name = DroneMarinUITests;
			productName = DroneMarinUITests;
			productReference = F250EB4E20526E0F00DC26B1 /* DroneMarinUITests.xctest */;
			productType = "com.apple.product-type.bundle.ui-testing";
		};
/* End PBXNativeTarget section */

/* Begin PBXProject section */
		F250EB2220526E0F00DC26B1 /* Project object */ = {
			isa = PBXProject;
			attributes = {
				LastUpgradeCheck = 0830;
				ORGANIZATIONNAME = "dev-smartphone";
				TargetAttributes = {
					F250EB2920526E0F00DC26B1 = {
						CreatedOnToolsVersion = 8.3.3;
						ProvisioningStyle = Automatic;
					};
					F250EB4220526E0F00DC26B1 = {
						CreatedOnToolsVersion = 8.3.3;
						ProvisioningStyle = Automatic;
						TestTargetID = F250EB2920526E0F00DC26B1;
					};
					F250EB4D20526E0F00DC26B1 = {
						CreatedOnToolsVersion = 8.3.3;
						ProvisioningStyle = Automatic;
						TestTargetID = F250EB2920526E0F00DC26B1;
					};
				};
			};
			buildConfigurationList = F250EB2520526E0F00DC26B1 /* Build configuration list for PBXProject "DroneMarin" */;
			compatibilityVersion = "Xcode 3.2";
			developmentRegion = English;
			hasScannedForEncodings = 0;
			knownRegions = (
				en,
				Base,
			);
			mainGroup = F250EB2120526E0F00DC26B1;
			productRefGroup = F250EB2B20526E0F00DC26B1 /* Products */;
			projectDirPath = "";
			projectRoot = "";
			targets = (
				F250EB2920526E0F00DC26B1 /* DroneMarin */,
				F250EB4220526E0F00DC26B1 /* DroneMarinTests */,
				F250EB4D20526E0F00DC26B1 /* DroneMarinUITests */,
			);
		};
/* End PBXProject section */

/* Begin PBXResourcesBuildPhase section */
		F250EB2820526E0F00DC26B1 /* Resources */ = {
			isa = PBXResourcesBuildPhase;
			buildActionMask = 2147483647;
			files = (
				F250EB3D20526E0F00DC26B1 /* LaunchScreen.storyboard in Resources */,
				F250EB3A20526E0F00DC26B1 /* Assets.xcassets in Resources */,
				F250EB3820526E0F00DC26B1 /* Main.storyboard in Resources */,
			);
			runOnlyForDeploymentPostprocessing = 0;
		};
		F250EB4120526E0F00DC26B1 /* Resources */ = {
			isa = PBXResourcesBuildPhase;
			buildActionMask = 2147483647;
			files = (
			);
			runOnlyForDeploymentPostprocessing = 0;
		};
		F250EB4C20526E0F00DC26B1 /* Resources */ = {
			isa = PBXResourcesBuildPhase;
			buildActionMask = 2147483647;
			files = (
			);
			runOnlyForDeploymentPostprocessing = 0;
		};
/* End PBXResourcesBuildPhase section */

/* Begin PBXSourcesBuildPhase section */
		F250EB2620526E0F00DC26B1 /* Sources */ = {
			isa = PBXSourcesBuildPhase;
			buildActionMask = 2147483647;
			files = (
				F2630F9C2068DE2A0063DA99 /* Waypoints.m in Sources */,
				F250EB3520526E0F00DC26B1 /* ViewController.m in Sources */,
				056DBED52068E82A00213377 /* Modele.m in Sources */,
				F2630FA22068DE480063DA99 /* minmea.c in Sources */,
				F250EB3220526E0F00DC26B1 /* AppDelegate.m in Sources */,
				F2630FA32068DE480063DA99 /* parser.c in Sources */,
				F250EB2F20526E0F00DC26B1 /* main.m in Sources */,
			);
			runOnlyForDeploymentPostprocessing = 0;
		};
		F250EB3F20526E0F00DC26B1 /* Sources */ = {
			isa = PBXSourcesBuildPhase;
			buildActionMask = 2147483647;
			files = (
				F250EB4820526E0F00DC26B1 /* DroneMarinTests.m in Sources */,
			);
			runOnlyForDeploymentPostprocessing = 0;
		};
		F250EB4A20526E0F00DC26B1 /* Sources */ = {
			isa = PBXSourcesBuildPhase;
			buildActionMask = 2147483647;
			files = (
				F250EB5320526E0F00DC26B1 /* DroneMarinUITests.m in Sources */,
			);
			runOnlyForDeploymentPostprocessing = 0;
		};
/* End PBXSourcesBuildPhase section */

/* Begin PBXTargetDependency section */
		F250EB4520526E0F00DC26B1 /* PBXTargetDependency */ = {
			isa = PBXTargetDependency;
			target = F250EB2920526E0F00DC26B1 /* DroneMarin */;
			targetProxy = F250EB4420526E0F00DC26B1 /* PBXContainerItemProxy */;
		};
		F250EB5020526E0F00DC26B1 /* PBXTargetDependency */ = {
			isa = PBXTargetDependency;
			target = F250EB2920526E0F00DC26B1 /* DroneMarin */;
			targetProxy = F250EB4F20526E0F00DC26B1 /* PBXContainerItemProxy */;
		};
/* End PBXTargetDependency section */

/* Begin PBXVariantGroup section */
		F250EB3620526E0F00DC26B1 /* Main.storyboard */ = {
			isa = PBXVariantGroup;
			children = (
				F250EB3720526E0F00DC26B1 /* Base */,
			);
			name = Main.storyboard;
			sourceTree = "<group>";
		};
		F250EB3B20526E0F00DC26B1 /* LaunchScreen.storyboard */ = {
			isa = PBXVariantGroup;
			children = (
				F250EB3C20526E0F00DC26B1 /* Base */,
			);
			name = LaunchScreen.storyboard;
			sourceTree = "<group>";
		};
/* End PBXVariantGroup section */

/* Begin XCBuildConfiguration section */
		F250EB5520526E0F00DC26B1 /* Debug */ = {
			isa = XCBuildConfiguration;
			buildSettings = {
				ALWAYS_SEARCH_USER_PATHS = NO;
				CLANG_ANALYZER_NONNULL = YES;
				CLANG_ANALYZER_NUMBER_OBJECT_CONVERSION = YES_AGGRESSIVE;
				CLANG_CXX_LANGUAGE_STANDARD = "gnu++0x";
				CLANG_CXX_LIBRARY = "libc++";
				CLANG_ENABLE_MODULES = YES;
				CLANG_ENABLE_OBJC_ARC = YES;
				CLANG_WARN_BOOL_CONVERSION = YES;
				CLANG_WARN_CONSTANT_CONVERSION = YES;
				CLANG_WARN_DIRECT_OBJC_ISA_USAGE = YES_ERROR;
				CLANG_WARN_DOCUMENTATION_COMMENTS = YES;
				CLANG_WARN_EMPTY_BODY = YES;
				CLANG_WARN_ENUM_CONVERSION = YES;
				CLANG_WARN_INFINITE_RECURSION = YES;
				CLANG_WARN_INT_CONVERSION = YES;
				CLANG_WARN_OBJC_ROOT_CLASS = YES_ERROR;
				CLANG_WARN_SUSPICIOUS_MOVE = YES;
				CLANG_WARN_UNREACHABLE_CODE = YES;
				CLANG_WARN__DUPLICATE_METHOD_MATCH = YES;
				"CODE_SIGN_IDENTITY[sdk=iphoneos*]" = "iPhone Developer";
				COPY_PHASE_STRIP = NO;
				DEBUG_INFORMATION_FORMAT = dwarf;
				ENABLE_STRICT_OBJC_MSGSEND = YES;
				ENABLE_TESTABILITY = YES;
				GCC_C_LANGUAGE_STANDARD = gnu99;
				GCC_DYNAMIC_NO_PIC = NO;
				GCC_NO_COMMON_BLOCKS = YES;
				GCC_OPTIMIZATION_LEVEL = 0;
				GCC_PREPROCESSOR_DEFINITIONS = (
					"DEBUG=1",
					"$(inherited)",
				);
				GCC_WARN_64_TO_32_BIT_CONVERSION = YES;
				GCC_WARN_ABOUT_RETURN_TYPE = YES_ERROR;
				GCC_WARN_UNDECLARED_SELECTOR = YES;
				GCC_WARN_UNINITIALIZED_AUTOS = YES_AGGRESSIVE;
				GCC_WARN_UNUSED_FUNCTION = YES;
				GCC_WARN_UNUSED_VARIABLE = YES;
				IPHONEOS_DEPLOYMENT_TARGET = 10.3;
				MTL_ENABLE_DEBUG_INFO = YES;
				ONLY_ACTIVE_ARCH = YES;
				SDKROOT = iphoneos;
				TARGETED_DEVICE_FAMILY = "1,2";
			};
			name = Debug;
		};
		F250EB5620526E0F00DC26B1 /* Release */ = {
			isa = XCBuildConfiguration;
			buildSettings = {
				ALWAYS_SEARCH_USER_PATHS = NO;
				CLANG_ANALYZER_NONNULL = YES;
				CLANG_ANALYZER_NUMBER_OBJECT_CONVERSION = YES_AGGRESSIVE;
				CLANG_CXX_LANGUAGE_STANDARD = "gnu++0x";
				CLANG_CXX_LIBRARY = "libc++";
				CLANG_ENABLE_MODULES = YES;
				CLANG_ENABLE_OBJC_ARC = YES;
				CLANG_WARN_BOOL_CONVERSION = YES;
				CLANG_WARN_CONSTANT_CONVERSION = YES;
				CLANG_WARN_DIRECT_OBJC_ISA_USAGE = YES_ERROR;
				CLANG_WARN_DOCUMENTATION_COMMENTS = YES;
				CLANG_WARN_EMPTY_BODY = YES;
				CLANG_WARN_ENUM_CONVERSION = YES;
				CLANG_WARN_INFINITE_RECURSION = YES;
				CLANG_WARN_INT_CONVERSION = YES;
				CLANG_WARN_OBJC_ROOT_CLASS = YES_ERROR;
				CLANG_WARN_SUSPICIOUS_MOVE = YES;
				CLANG_WARN_UNREACHABLE_CODE = YES;
				CLANG_WARN__DUPLICATE_METHOD_MATCH = YES;
				"CODE_SIGN_IDENTITY[sdk=iphoneos*]" = "iPhone Developer";
				COPY_PHASE_STRIP = NO;
				DEBUG_INFORMATION_FORMAT = "dwarf-with-dsym";
				ENABLE_NS_ASSERTIONS = NO;
				ENABLE_STRICT_OBJC_MSGSEND = YES;
				GCC_C_LANGUAGE_STANDARD = gnu99;
				GCC_NO_COMMON_BLOCKS = YES;
				GCC_WARN_64_TO_32_BIT_CONVERSION = YES;
				GCC_WARN_ABOUT_RETURN_TYPE = YES_ERROR;
				GCC_WARN_UNDECLARED_SELECTOR = YES;
				GCC_WARN_UNINITIALIZED_AUTOS = YES_AGGRESSIVE;
				GCC_WARN_UNUSED_FUNCTION = YES;
				GCC_WARN_UNUSED_VARIABLE = YES;
				IPHONEOS_DEPLOYMENT_TARGET = 10.3;
				MTL_ENABLE_DEBUG_INFO = NO;
				SDKROOT = iphoneos;
				TARGETED_DEVICE_FAMILY = "1,2";
				VALIDATE_PRODUCT = YES;
			};
			name = Release;
		};
		F250EB5820526E0F00DC26B1 /* Debug */ = {
			isa = XCBuildConfiguration;
			buildSettings = {
				ASSETCATALOG_COMPILER_APPICON_NAME = AppIcon;
				INFOPLIST_FILE = DroneMarin/Info.plist;
				LD_RUNPATH_SEARCH_PATHS = "$(inherited) @executable_path/Frameworks";
				PRODUCT_BUNDLE_IDENTIFIER = "ulr.dev-smartphone.DroneMarin";
				PRODUCT_NAME = "$(TARGET_NAME)";
			};
			name = Debug;
		};
		F250EB5920526E0F00DC26B1 /* Release */ = {
			isa = XCBuildConfiguration;
			buildSettings = {
				ASSETCATALOG_COMPILER_APPICON_NAME = AppIcon;
				INFOPLIST_FILE = DroneMarin/Info.plist;
				LD_RUNPATH_SEARCH_PATHS = "$(inherited) @executable_path/Frameworks";
				PRODUCT_BUNDLE_IDENTIFIER = "ulr.dev-smartphone.DroneMarin";
				PRODUCT_NAME = "$(TARGET_NAME)";
			};
			name = Release;
		};
		F250EB5B20526E0F00DC26B1 /* Debug */ = {
			isa = XCBuildConfiguration;
			buildSettings = {
				BUNDLE_LOADER = "$(TEST_HOST)";
				INFOPLIST_FILE = DroneMarinTests/Info.plist;
				LD_RUNPATH_SEARCH_PATHS = "$(inherited) @executable_path/Frameworks @loader_path/Frameworks";
				PRODUCT_BUNDLE_IDENTIFIER = "ulr.dev-smartphone.DroneMarinTests";
				PRODUCT_NAME = "$(TARGET_NAME)";
				TEST_HOST = "$(BUILT_PRODUCTS_DIR)/DroneMarin.app/DroneMarin";
			};
			name = Debug;
		};
		F250EB5C20526E0F00DC26B1 /* Release */ = {
			isa = XCBuildConfiguration;
			buildSettings = {
				BUNDLE_LOADER = "$(TEST_HOST)";
				INFOPLIST_FILE = DroneMarinTests/Info.plist;
				LD_RUNPATH_SEARCH_PATHS = "$(inherited) @executable_path/Frameworks @loader_path/Frameworks";
				PRODUCT_BUNDLE_IDENTIFIER = "ulr.dev-smartphone.DroneMarinTests";
				PRODUCT_NAME = "$(TARGET_NAME)";
				TEST_HOST = "$(BUILT_PRODUCTS_DIR)/DroneMarin.app/DroneMarin";
			};
			name = Release;
		};
		F250EB5E20526E0F00DC26B1 /* Debug */ = {
			isa = XCBuildConfiguration;
			buildSettings = {
				INFOPLIST_FILE = DroneMarinUITests/Info.plist;
				LD_RUNPATH_SEARCH_PATHS = "$(inherited) @executable_path/Frameworks @loader_path/Frameworks";
				PRODUCT_BUNDLE_IDENTIFIER = "ulr.dev-smartphone.DroneMarinUITests";
				PRODUCT_NAME = "$(TARGET_NAME)";
				TEST_TARGET_NAME = DroneMarin;
			};
			name = Debug;
		};
		F250EB5F20526E0F00DC26B1 /* Release */ = {
			isa = XCBuildConfiguration;
			buildSettings = {
				INFOPLIST_FILE = DroneMarinUITests/Info.plist;
				LD_RUNPATH_SEARCH_PATHS = "$(inherited) @executable_path/Frameworks @loader_path/Frameworks";
				PRODUCT_BUNDLE_IDENTIFIER = "ulr.dev-smartphone.DroneMarinUITests";
				PRODUCT_NAME = "$(TARGET_NAME)";
				TEST_TARGET_NAME = DroneMarin;
			};
			name = Release;
		};
/* End XCBuildConfiguration section */

/* Begin XCConfigurationList section */
		F250EB2520526E0F00DC26B1 /* Build configuration list for PBXProject "DroneMarin" */ = {
			isa = XCConfigurationList;
			buildConfigurations = (
				F250EB5520526E0F00DC26B1 /* Debug */,
				F250EB5620526E0F00DC26B1 /* Release */,
			);
			defaultConfigurationIsVisible = 0;
			defaultConfigurationName = Release;
		};
		F250EB5720526E0F00DC26B1 /* Build configuration list for PBXNativeTarget "DroneMarin" */ = {
			isa = XCConfigurationList;
			buildConfigurations = (
				F250EB5820526E0F00DC26B1 /* Debug */,
				F250EB5920526E0F00DC26B1 /* Release */,
			);
			defaultConfigurationIsVisible = 0;
			defaultConfigurationName = Release;
		};
		F250EB5A20526E0F00DC26B1 /* Build configuration list for PBXNativeTarget "DroneMarinTests" */ = {
			isa = XCConfigurationList;
			buildConfigurations = (
				F250EB5B20526E0F00DC26B1 /* Debug */,
				F250EB5C20526E0F00DC26B1 /* Release */,
			);
			defaultConfigurationIsVisible = 0;
			defaultConfigurationName = Release;
		};
		F250EB5D20526E0F00DC26B1 /* Build configuration list for PBXNativeTarget "DroneMarinUITests" */ = {
			isa = XCConfigurationList;
			buildConfigurations = (
				F250EB5E20526E0F00DC26B1 /* Debug */,
				F250EB5F20526E0F00DC26B1 /* Release */,
			);
			defaultConfigurationIsVisible = 0;
			defaultConfigurationName = Release;
		};
/* End XCConfigurationList section */
	};
	rootObject = F250EB2220526E0F00DC26B1 /* Project object */;
}
